dependencies:
- name: postgresql
  repository: oci://registry-1.docker.io/bitnamicharts
  version: 18.7.10
- name: redis
  repository: oci://registry-1.docker.io/bitnamicharts
  version: 17.9.4
digest: sha256:a69e3431d7cfa920df089970214d8aace37a34e288f11f73881c8d7ca0f5b26d
generated: "2026-07-01T17:07:21Z"
